// !$*UTF8*$!
{
	archiveVersion = 1;
	classes = {
	};
	objectVersion = 50;
	objects = {

/* Begin PBXBuildFile section */
		ED37D2A8237BA15D008F35EF /* AppDelegate.swift in Sources */ = {isa = PBXBuildFile; fileRef = ED37D2A7237BA15D008F35EF /* AppDelegate.swift */; };
		ED37D2AA237BA15D008F35EF /* SceneDelegate.swift in Sources */ = {isa = PBXBuildFile; fileRef = ED37D2A9237BA15D008F35EF /* SceneDelegate.swift */; };
		ED37D2AF237BA15D008F35EF /* Main.storyboard in Resources */ = {isa = PBXBuildFile; fileRef = ED37D2AD237BA15D008F35EF /* Main.storyboard */; };
		ED37D2B1237BA15E008F35EF /* Assets.xcassets in Resources */ = {isa = PBXBuildFile; fileRef = ED37D2B0237BA15E008F35EF /* Assets.xcassets */; };
		ED37D2B4237BA15E008F35EF /* LaunchScreen.storyboard in Resources */ = {isa = PBXBuildFile; fileRef = ED37D2B2237BA15E008F35EF /* LaunchScreen.storyboard */; };
		ED37D2BF237BA15E008F35EF /* APIsProjectTests.swift in Sources */ = {isa = PBXBuildFile; fileRef = ED37D2BE237BA15E008F35EF /* APIsProjectTests.swift */; };
		ED37D2CD237BA3CD008F35EF /* representative.swift in Sources */ = {isa = PBXBuildFile; fileRef = ED37D2CC237BA3CD008F35EF /* representative.swift */; };
		ED37D2CF237BA3D8008F35EF /* dog.swift in Sources */ = {isa = PBXBuildFile; fileRef = ED37D2CE237BA3D8008F35EF /* dog.swift */; };
		ED37D2D1237BA489008F35EF /* DogViewController.swift in Sources */ = {isa = PBXBuildFile; fileRef = ED37D2D0237BA489008F35EF /* DogViewController.swift */; };
		ED37D2D9237BA98D008F35EF /* RepresentativeTableViewController.swift in Sources */ = {isa = PBXBuildFile; fileRef = ED37D2D8237BA98D008F35EF /* RepresentativeTableViewController.swift */; };
		ED37D2DB237BA9AE008F35EF /* RepresentativeController.swift in Sources */ = {isa = PBXBuildFile; fileRef = ED37D2DA237BA9AE008F35EF /* RepresentativeController.swift */; };
		ED37D2DD237BA9C2008F35EF /* URL+Helpers.swift in Sources */ = {isa = PBXBuildFile; fileRef = ED37D2DC237BA9C2008F35EF /* URL+Helpers.swift */; };
		ED37D2E1237C6001008F35EF /* RepTableViewCell.swift in Sources */ = {isa = PBXBuildFile; fileRef = ED37D2E0237C6001008F35EF /* RepTableViewCell.swift */; };
		ED37D2E5237D2246008F35EF /* DogItemController.swift in Sources */ = {isa = PBXBuildFile; fileRef = ED37D2E4237D2246008F35EF /* DogItemController.swift */; };
		ED37D2E7237DB3DB008F35EF /* dataUSA.swift in Sources */ = {isa = PBXBuildFile; fileRef = ED37D2E6237DB3DB008F35EF /* dataUSA.swift */; };
		ED37D2E9237DB67A008F35EF /* DataUSAController.swift in Sources */ = {isa = PBXBuildFile; fileRef = ED37D2E8237DB67A008F35EF /* DataUSAController.swift */; };
		ED37D2ED237DB8A6008F35EF /* DataUSATableViewController.swift in Sources */ = {isa = PBXBuildFile; fileRef = ED37D2EC237DB8A6008F35EF /* DataUSATableViewController.swift */; };
		ED37D2F12382F28E008F35EF /* DataUSATableViewCell.swift in Sources */ = {isa = PBXBuildFile; fileRef = ED37D2F02382F28E008F35EF /* DataUSATableViewCell.swift */; };
		ED37D2F3238307BD008F35EF /* nobelPrize.swift in Sources */ = {isa = PBXBuildFile; fileRef = ED37D2F2238307BD008F35EF /* nobelPrize.swift */; };
/* End PBXBuildFile section */

/* Begin PBXContainerItemProxy section */
		ED37D2BB237BA15E008F35EF /* PBXContainerItemProxy */ = {
			isa = PBXContainerItemProxy;
			containerPortal = ED37D29C237BA15D008F35EF /* Project object */;
			proxyType = 1;
			remoteGlobalIDString = ED37D2A3237BA15D008F35EF;
			remoteInfo = APIsProject;
		};
/* End PBXContainerItemProxy section */

/* Begin PBXFileReference section */
		ED37D2A4237BA15D008F35EF /* APIsProject.app */ = {isa = PBXFileReference; explicitFileType = wrapper.application; includeInIndex = 0; path = APIsProject.app; sourceTree = BUILT_PRODUCTS_DIR; };
		ED37D2A7237BA15D008F35EF /* AppDelegate.swift */ = {isa = PBXFileReference; lastKnownFileType = sourcecode.swift; path = AppDelegate.swift; sourceTree = "<group>"; };
		ED37D2A9237BA15D008F35EF /* SceneDelegate.swift */ = {isa = PBXFileReference; lastKnownFileType = sourcecode.swift; path = SceneDelegate.swift; sourceTree = "<group>"; };
		ED37D2AE237BA15D008F35EF /* Base */ = {isa = PBXFileReference; lastKnownFileType = file.storyboard; name = Base; path = Base.lproj/Main.storyboard; sourceTree = "<group>"; };
		ED37D2B0237BA15E008F35EF /* Assets.xcassets */ = {isa = PBXFileReference; lastKnownFileType = folder.assetcatalog; path = Assets.xcassets; sourceTree = "<group>"; };
		ED37D2B3237BA15E008F35EF /* Base */ = {isa = PBXFileReference; lastKnownFileType = file.storyboard; name = Base; path = Base.lproj/LaunchScreen.storyboard; sourceTree = "<group>"; };
		ED37D2B5237BA15E008F35EF /* Info.plist */ = {isa = PBXFileReference; lastKnownFileType = text.plist.xml; path = Info.plist; sourceTree = "<group>"; };
		ED37D2BA237BA15E008F35EF /* APIsProjectTests.xctest */ = {isa = PBXFileReference; explicitFileType = wrapper.cfbundle; includeInIndex = 0; path = APIsProjectTests.xctest; sourceTree = BUILT_PRODUCTS_DIR; };
		ED37D2BE237BA15E008F35EF /* APIsProjectTests.swift */ = {isa = PBXFileReference; lastKnownFileType = sourcecode.swift; path = APIsProjectTests.swift; sourceTree = "<group>"; };
		ED37D2C0237BA15E008F35EF /* Info.plist */ = {isa = PBXFileReference; lastKnownFileType = text.plist.xml; path = Info.plist; sourceTree = "<group>"; };
		ED37D2CC237BA3CD008F35EF /* representative.swift */ = {isa = PBXFileReference; lastKnownFileType = sourcecode.swift; path = representative.swift; sourceTree = "<group>"; };
		ED37D2CE237BA3D8008F35EF /* dog.swift */ = {isa = PBXFileReference; lastKnownFileType = sourcecode.swift; path = dog.swift; sourceTree = "<group>"; };
		ED37D2D0237BA489008F35EF /* DogViewController.swift */ = {isa = PBXFileReference; lastKnownFileType = sourcecode.swift; path = DogViewController.swift; sourceTree = "<group>"; };
		ED37D2D8237BA98D008F35EF /* RepresentativeTableViewController.swift */ = {isa = PBXFileReference; lastKnownFileType = sourcecode.swift; path = RepresentativeTableViewController.swift; sourceTree = "<group>"; };
		ED37D2DA237BA9AE008F35EF /* RepresentativeController.swift */ = {isa = PBXFileReference; lastKnownFileType = sourcecode.swift; path = RepresentativeController.swift; sourceTree = "<group>"; };
		ED37D2DC237BA9C2008F35EF /* URL+Helpers.swift */ = {isa = PBXFileReference; lastKnownFileType = sourcecode.swift; path = "URL+Helpers.swift"; sourceTree = "<group>"; };
		ED37D2E0237C6001008F35EF /* RepTableViewCell.swift */ = {isa = PBXFileReference; lastKnownFileType = sourcecode.swift; path = RepTableViewCell.swift; sourceTree = "<group>"; };
		ED37D2E4237D2246008F35EF /* DogItemController.swift */ = {isa = PBXFileReference; lastKnownFileType = sourcecode.swift; path = DogItemController.swift; sourceTree = "<group>"; };
		ED37D2E6237DB3DB008F35EF /* dataUSA.swift */ = {isa = PBXFileReference; lastKnownFileType = sourcecode.swift; path = dataUSA.swift; sourceTree = "<group>"; };
		ED37D2E8237DB67A008F35EF /* DataUSAController.swift */ = {isa = PBXFileReference; lastKnownFileType = sourcecode.swift; path = DataUSAController.swift; sourceTree = "<group>"; };
		ED37D2EC237DB8A6008F35EF /* DataUSATableViewController.swift */ = {isa = PBXFileReference; lastKnownFileType = sourcecode.swift; path = DataUSATableViewController.swift; sourceTree = "<group>"; };
		ED37D2F02382F28E008F35EF /* DataUSATableViewCell.swift */ = {isa = PBXFileReference; lastKnownFileType = sourcecode.swift; path = DataUSATableViewCell.swift; sourceTree = "<group>"; };
		ED37D2F2238307BD008F35EF /* nobelPrize.swift */ = {isa = PBXFileReference; lastKnownFileType = sourcecode.swift; path = nobelPrize.swift; sourceTree = "<group>"; };
/* End PBXFileReference section */

/* Begin PBXFrameworksBuildPhase section */
		ED37D2A1237BA15D008F35EF /* Frameworks */ = {
			isa = PBXFrameworksBuildPhase;
			buildActionMask = 2147483647;
			files = (
			);
			runOnlyForDeploymentPostprocessing = 0;
		};
		ED37D2B7237BA15E008F35EF /* Frameworks */ = {
			isa = PBXFrameworksBuildPhase;
			buildActionMask = 2147483647;
			files = (
			);
			runOnlyForDeploymentPostprocessing = 0;
		};
/* End PBXFrameworksBuildPhase section */

/* Begin PBXGroup section */
		ED37D29B237BA15D008F35EF = {
			isa = PBXGroup;
			children = (
				ED37D2A6237BA15D008F35EF /* APIsProject */,
				ED37D2BD237BA15E008F35EF /* APIsProjectTests */,
				ED37D2A5237BA15D008F35EF /* Products */,
			);
			sourceTree = "<group>";
		};
		ED37D2A5237BA15D008F35EF /* Products */ = {
			isa = PBXGroup;
			children = (
				ED37D2A4237BA15D008F35EF /* APIsProject.app */,
				ED37D2BA237BA15E008F35EF /* APIsProjectTests.xctest */,
			);
			name = Products;
			sourceTree = "<group>";
		};
		ED37D2A6237BA15D008F35EF /* APIsProject */ = {
			isa = PBXGroup;
			children = (
				ED37D2C9237BA385008F35EF /* Model */,
				ED37D2CA237BA38C008F35EF /* View */,
				ED37D2CB237BA391008F35EF /* Controller */,
				ED37D2A7237BA15D008F35EF /* AppDelegate.swift */,
				ED37D2A9237BA15D008F35EF /* SceneDelegate.swift */,
				ED37D2AD237BA15D008F35EF /* Main.storyboard */,
				ED37D2B0237BA15E008F35EF /* Assets.xcassets */,
				ED37D2B2237BA15E008F35EF /* LaunchScreen.storyboard */,
				ED37D2B5237BA15E008F35EF /* Info.plist */,
			);
			path = APIsProject;
			sourceTree = "<group>";
		};
		ED37D2BD237BA15E008F35EF /* APIsProjectTests */ = {
			isa = PBXGroup;
			children = (
				ED37D2BE237BA15E008F35EF /* APIsProjectTests.swift */,
				ED37D2C0237BA15E008F35EF /* Info.plist */,
			);
			path = APIsProjectTests;
			sourceTree = "<group>";
		};
		ED37D2C9237BA385008F35EF /* Model */ = {
			isa = PBXGroup;
			children = (
				ED37D2CC237BA3CD008F35EF /* representative.swift */,
				ED37D2CE237BA3D8008F35EF /* dog.swift */,
				ED37D2E6237DB3DB008F35EF /* dataUSA.swift */,
				ED37D2F2238307BD008F35EF /* nobelPrize.swift */,
				ED37D2DC237BA9C2008F35EF /* URL+Helpers.swift */,
			);
			path = Model;
			sourceTree = "<group>";
		};
		ED37D2CA237BA38C008F35EF /* View */ = {
			isa = PBXGroup;
			children = (
				ED37D2D0237BA489008F35EF /* DogViewController.swift */,
				ED37D2D8237BA98D008F35EF /* RepresentativeTableViewController.swift */,
				ED37D2E0237C6001008F35EF /* RepTableViewCell.swift */,
				ED37D2EC237DB8A6008F35EF /* DataUSATableViewController.swift */,
				ED37D2F02382F28E008F35EF /* DataUSATableViewCell.swift */,
			);
			path = View;
			sourceTree = "<group>";
		};
		ED37D2CB237BA391008F35EF /* Controller */ = {
			isa = PBXGroup;
			children = (
				ED37D2DA237BA9AE008F35EF /* RepresentativeController.swift */,
				ED37D2E4237D2246008F35EF /* DogItemController.swift */,
				ED37D2E8237DB67A008F35EF /* DataUSAController.swift */,
			);
			path = Controller;
			sourceTree = "<group>";
		};
/* End PBXGroup section */

/* Begin PBXNativeTarget section */
		ED37D2A3237BA15D008F35EF /* APIsProject */ = {
			isa = PBXNativeTarget;
			buildConfigurationList = ED37D2C3237BA15E008F35EF /* Build configuration list for PBXNativeTarget "APIsProject" */;
			buildPhases = (
				ED37D2A0237BA15D008F35EF /* Sources */,
				ED37D2A1237BA15D008F35EF /* Frameworks */,
				ED37D2A2237BA15D008F35EF /* Resources */,
			);
			buildRules = (
			);
			dependencies = (
			);
			name = APIsProject;
			productName = APIsProject;
			productReference = ED37D2A4237BA15D008F35EF /* APIsProject.app */;
			productType = "com.apple.product-type.application";
		};
		ED37D2B9237BA15E008F35EF /* APIsProjectTests */ = {
			isa = PBXNativeTarget;
			buildConfigurationList = ED37D2C6237BA15E008F35EF /* Build configuration list for PBXNativeTarget "APIsProjectTests" */;
			buildPhases = (
				ED37D2B6237BA15E008F35EF /* Sources */,
				ED37D2B7237BA15E008F35EF /* Frameworks */,
				ED37D2B8237BA15E008F35EF /* Resources */,
			);
			buildRules = (
			);
			dependencies = (
				ED37D2BC237BA15E008F35EF /* PBXTargetDependency */,
			);
			name = APIsProjectTests;
			productName = APIsProjectTests;
			productReference = ED37D2BA237BA15E008F35EF /* APIsProjectTests.xctest */;
			productType = "com.apple.product-type.bundle.unit-test";
		};
/* End PBXNativeTarget section */

/* Begin PBXProject section */
		ED37D29C237BA15D008F35EF /* Project object */ = {
			isa = PBXProject;
			attributes = {
				LastSwiftUpdateCheck = 1100;
				LastUpgradeCheck = 1100;
				ORGANIZATIONNAME = "Ella Neumarker";
				TargetAttributes = {
					ED37D2A3237BA15D008F35EF = {
						CreatedOnToolsVersion = 11.0;
					};
					ED37D2B9237BA15E008F35EF = {
						CreatedOnToolsVersion = 11.0;
						TestTargetID = ED37D2A3237BA15D008F35EF;
					};
				};
			};
			buildConfigurationList = ED37D29F237BA15D008F35EF /* Build configuration list for PBXProject "APIsProject" */;
			compatibilityVersion = "Xcode 9.3";
			developmentRegion = en;
			hasScannedForEncodings = 0;
			knownRegions = (
				en,
				Base,
			);
			mainGroup = ED37D29B237BA15D008F35EF;
			productRefGroup = ED37D2A5237BA15D008F35EF /* Products */;
			projectDirPath = "";
			projectRoot = "";
			targets = (
				ED37D2A3237BA15D008F35EF /* APIsProject */,
				ED37D2B9237BA15E008F35EF /* APIsProjectTests */,
			);
		};
/* End PBXProject section */

/* Begin PBXResourcesBuildPhase section */
		ED37D2A2237BA15D008F35EF /* Resources */ = {
			isa = PBXResourcesBuildPhase;
			buildActionMask = 2147483647;
			files = (
				ED37D2B4237BA15E008F35EF /* LaunchScreen.storyboard in Resources */,
				ED37D2B1237BA15E008F35EF /* Assets.xcassets in Resources */,
				ED37D2AF237BA15D008F35EF /* Main.storyboard in Resources */,
			);
			runOnlyForDeploymentPostprocessing = 0;
		};
		ED37D2B8237BA15E008F35EF /* Resources */ = {
			isa = PBXResourcesBuildPhase;
			buildActionMask = 2147483647;
			files = (
			);
			runOnlyForDeploymentPostprocessing = 0;
		};
/* End PBXResourcesBuildPhase section */

/* Begin PBXSourcesBuildPhase section */
		ED37D2A0237BA15D008F35EF /* Sources */ = {
			isa = PBXSourcesBuildPhase;
			buildActionMask = 2147483647;
			files = (
				ED37D2A8237BA15D008F35EF /* AppDelegate.swift in Sources */,
				ED37D2E9237DB67A008F35EF /* DataUSAController.swift in Sources */,
				ED37D2AA237BA15D008F35EF /* SceneDelegate.swift in Sources */,
				ED37D2DB237BA9AE008F35EF /* RepresentativeController.swift in Sources */,
				ED37D2ED237DB8A6008F35EF /* DataUSATableViewController.swift in Sources */,
				ED37D2D9237BA98D008F35EF /* RepresentativeTableViewController.swift in Sources */,
				ED37D2F3238307BD008F35EF /* nobelPrize.swift in Sources */,
				ED37D2E5237D2246008F35EF /* DogItemController.swift in Sources */,
				ED37D2CF237BA3D8008F35EF /* dog.swift in Sources */,
				ED37D2E7237DB3DB008F35EF /* dataUSA.swift in Sources */,
				ED37D2F12382F28E008F35EF /* DataUSATableViewCell.swift in Sources */,
				ED37D2DD237BA9C2008F35EF /* URL+Helpers.swift in Sources */,
				ED37D2D1237BA489008F35EF /* DogViewController.swift in Sources */,
				ED37D2E1237C6001008F35EF /* RepTableViewCell.swift in Sources */,
				ED37D2CD237BA3CD008F35EF /* representative.swift in Sources */,
			);
			runOnlyForDeploymentPostprocessing = 0;
		};
		ED37D2B6237BA15E008F35EF /* Sources */ = {
			isa = PBXSourcesBuildPhase;
			buildActionMask = 2147483647;
			files = (
				ED37D2BF237BA15E008F35EF /* APIsProjectTests.swift in Sources */,
			);
			runOnlyForDeploymentPostprocessing = 0;
		};
/* End PBXSourcesBuildPhase section */

/* Begin PBXTargetDependency section */
		ED37D2BC237BA15E008F35EF /* PBXTargetDependency */ = {
			isa = PBXTargetDependency;
			target = ED37D2A3237BA15D008F35EF /* APIsProject */;
			targetProxy = ED37D2BB237BA15E008F35EF /* PBXContainerItemProxy */;
		};
/* End PBXTargetDependency section */

/* Begin PBXVariantGroup section */
		ED37D2AD237BA15D008F35EF /* Main.storyboard */ = {
			isa = PBXVariantGroup;
			children = (
				ED37D2AE237BA15D008F35EF /* Base */,
			);
			name = Main.storyboard;
			sourceTree = "<group>";
		};
		ED37D2B2237BA15E008F35EF /* LaunchScreen.storyboard */ = {
			isa = PBXVariantGroup;
			children = (
				ED37D2B3237BA15E008F35EF /* Base */,
			);
			name = LaunchScreen.storyboard;
			sourceTree = "<group>";
		};
/* End PBXVariantGroup section */

/* Begin XCBuildConfiguration section */
		ED37D2C1237BA15E008F35EF /* Debug */ = {
			isa = XCBuildConfiguration;
			buildSettings = {
				ALWAYS_SEARCH_USER_PATHS = NO;
				CLANG_ANALYZER_NONNULL = YES;
				CLANG_ANALYZER_NUMBER_OBJECT_CONVERSION = YES_AGGRESSIVE;
				CLANG_CXX_LANGUAGE_STANDARD = "gnu++14";
				CLANG_CXX_LIBRARY = "libc++";
				CLANG_ENABLE_MODULES = YES;
				CLANG_ENABLE_OBJC_ARC = YES;
				CLANG_ENABLE_OBJC_WEAK = YES;
				CLANG_WARN_BLOCK_CAPTURE_AUTORELEASING = YES;
				CLANG_WARN_BOOL_CONVERSION = YES;
				CLANG_WARN_COMMA = YES;
				CLANG_WARN_CONSTANT_CONVERSION = YES;
				CLANG_WARN_DEPRECATED_OBJC_IMPLEMENTATIONS = YES;
				CLANG_WARN_DIRECT_OBJC_ISA_USAGE = YES_ERROR;
				CLANG_WARN_DOCUMENTATION_COMMENTS = YES;
				CLANG_WARN_EMPTY_BODY = YES;
				CLANG_WARN_ENUM_CONVERSION = YES;
				CLANG_WARN_INFINITE_RECURSION = YES;
				CLANG_WARN_INT_CONVERSION = YES;
				CLANG_WARN_NON_LITERAL_NULL_CONVERSION = YES;
				CLANG_WARN_OBJC_IMPLICIT_RETAIN_SELF = YES;
				CLANG_WARN_OBJC_LITERAL_CONVERSION = YES;
				CLANG_WARN_OBJC_ROOT_CLASS = YES_ERROR;
				CLANG_WARN_RANGE_LOOP_ANALYSIS = YES;
				CLANG_WARN_STRICT_PROTOTYPES = YES;
				CLANG_WARN_SUSPICIOUS_MOVE = YES;
				CLANG_WARN_UNGUARDED_AVAILABILITY = YES_AGGRESSIVE;
				CLANG_WARN_UNREACHABLE_CODE = YES;
				CLANG_WARN__DUPLICATE_METHOD_MATCH = YES;
				COPY_PHASE_STRIP = NO;
				DEBUG_INFORMATION_FORMAT = dwarf;
				ENABLE_STRICT_OBJC_MSGSEND = YES;
				ENABLE_TESTABILITY = YES;
				GCC_C_LANGUAGE_STANDARD = gnu11;
				GCC_DYNAMIC_NO_PIC = NO;
				GCC_NO_COMMON_BLOCKS = YES;
				GCC_OPTIMIZATION_LEVEL = 0;
				GCC_PREPROCESSOR_DEFINITIONS = (
					"DEBUG=1",
					"$(inherited)",
				);
				GCC_WARN_64_TO_32_BIT_CONVERSION = YES;
				GCC_WARN_ABOUT_RETURN_TYPE = YES_ERROR;
				GCC_WARN_UNDECLARED_SELECTOR = YES;
				GCC_WARN_UNINITIALIZED_AUTOS = YES_AGGRESSIVE;
				GCC_WARN_UNUSED_FUNCTION = YES;
				GCC_WARN_UNUSED_VARIABLE = YES;
				IPHONEOS_DEPLOYMENT_TARGET = 13.0;
				MTL_ENABLE_DEBUG_INFO = INCLUDE_SOURCE;
				MTL_FAST_MATH = YES;
				ONLY_ACTIVE_ARCH = YES;
				SDKROOT = iphoneos;
				SWIFT_ACTIVE_COMPILATION_CONDITIONS = DEBUG;
				SWIFT_OPTIMIZATION_LEVEL = "-Onone";
			};
			name = Debug;
		};
		ED37D2C2237BA15E008F35EF /* Release */ = {
			isa = XCBuildConfiguration;
			buildSettings = {
				ALWAYS_SEARCH_USER_PATHS = NO;
				CLANG_ANALYZER_NONNULL = YES;
				CLANG_ANALYZER_NUMBER_OBJECT_CONVERSION = YES_AGGRESSIVE;
				CLANG_CXX_LANGUAGE_STANDARD = "gnu++14";
				CLANG_CXX_LIBRARY = "libc++";
				CLANG_ENABLE_MODULES = YES;
				CLANG_ENABLE_OBJC_ARC = YES;
				CLANG_ENABLE_OBJC_WEAK = YES;
				CLANG_WARN_BLOCK_CAPTURE_AUTORELEASING = YES;
				CLANG_WARN_BOOL_CONVERSION = YES;
				CLANG_WARN_COMMA = YES;
				CLANG_WARN_CONSTANT_CONVERSION = YES;
				CLANG_WARN_DEPRECATED_OBJC_IMPLEMENTATIONS = YES;
				CLANG_WARN_DIRECT_OBJC_ISA_USAGE = YES_ERROR;
				CLANG_WARN_DOCUMENTATION_COMMENTS = YES;
				CLANG_WARN_EMPTY_BODY = YES;
				CLANG_WARN_ENUM_CONVERSION = YES;
				CLANG_WARN_INFINITE_RECURSION = YES;
				CLANG_WARN_INT_CONVERSION = YES;
				CLANG_WARN_NON_LITERAL_NULL_CONVERSION = YES;
				CLANG_WARN_OBJC_IMPLICIT_RETAIN_SELF = YES;
				CLANG_WARN_OBJC_LITERAL_CONVERSION = YES;
				CLANG_WARN_OBJC_ROOT_CLASS = YES_ERROR;
				CLANG_WARN_RANGE_LOOP_ANALYSIS = YES;
				CLANG_WARN_STRICT_PROTOTYPES = YES;
				CLANG_WARN_SUSPICIOUS_MOVE = YES;
				CLANG_WARN_UNGUARDED_AVAILABILITY = YES_AGGRESSIVE;
				CLANG_WARN_UNREACHABLE_CODE = YES;
				CLANG_WARN__DUPLICATE_METHOD_MATCH = YES;
				COPY_PHASE_STRIP = NO;
				DEBUG_INFORMATION_FORMAT = "dwarf-with-dsym";
				ENABLE_NS_ASSERTIONS = NO;
				ENABLE_STRICT_OBJC_MSGSEND = YES;
				GCC_C_LANGUAGE_STANDARD = gnu11;
				GCC_NO_COMMON_BLOCKS = YES;
				GCC_WARN_64_TO_32_BIT_CONVERSION = YES;
				GCC_WARN_ABOUT_RETURN_TYPE = YES_ERROR;
				GCC_WARN_UNDECLARED_SELECTOR = YES;
				GCC_WARN_UNINITIALIZED_AUTOS = YES_AGGRESSIVE;
				GCC_WARN_UNUSED_FUNCTION = YES;
				GCC_WARN_UNUSED_VARIABLE = YES;
				IPHONEOS_DEPLOYMENT_TARGET = 13.0;
				MTL_ENABLE_DEBUG_INFO = NO;
				MTL_FAST_MATH = YES;
				SDKROOT = iphoneos;
				SWIFT_COMPILATION_MODE = wholemodule;
				SWIFT_OPTIMIZATION_LEVEL = "-O";
				VALIDATE_PRODUCT = YES;
			};
			name = Release;
		};
		ED37D2C4237BA15E008F35EF /* Debug */ = {
			isa = XCBuildConfiguration;
			buildSettings = {
				ASSETCATALOG_COMPILER_APPICON_NAME = AppIcon;
				CODE_SIGN_STYLE = Automatic;
				INFOPLIST_FILE = APIsProject/Info.plist;
				LD_RUNPATH_SEARCH_PATHS = (
					"$(inherited)",
					"@executable_path/Frameworks",
				);
				PRODUCT_BUNDLE_IDENTIFIER = com.example.APIsProject;
				PRODUCT_NAME = "$(TARGET_NAME)";
				SWIFT_VERSION = 5.0;
				TARGETED_DEVICE_FAMILY = "1,2";
			};
			name = Debug;
		};
		ED37D2C5237BA15E008F35EF /* Release */ = {
			isa = XCBuildConfiguration;
			buildSettings = {
				ASSETCATALOG_COMPILER_APPICON_NAME = AppIcon;
				CODE_SIGN_STYLE = Automatic;
				INFOPLIST_FILE = APIsProject/Info.plist;
				LD_RUNPATH_SEARCH_PATHS = (
					"$(inherited)",
					"@executable_path/Frameworks",
				);
				PRODUCT_BUNDLE_IDENTIFIER = com.example.APIsProject;
				PRODUCT_NAME = "$(TARGET_NAME)";
				SWIFT_VERSION = 5.0;
				TARGETED_DEVICE_FAMILY = "1,2";
			};
			name = Release;
		};
		ED37D2C7237BA15E008F35EF /* Debug */ = {
			isa = XCBuildConfiguration;
			buildSettings = {
				ALWAYS_EMBED_SWIFT_STANDARD_LIBRARIES = YES;
				BUNDLE_LOADER = "$(TEST_HOST)";
				CODE_SIGN_STYLE = Automatic;
				INFOPLIST_FILE = APIsProjectTests/Info.plist;
				IPHONEOS_DEPLOYMENT_TARGET = 13.0;
				LD_RUNPATH_SEARCH_PATHS = (
					"$(inherited)",
					"@executable_path/Frameworks",
					"@loader_path/Frameworks",
				);
				PRODUCT_BUNDLE_IDENTIFIER = com.example.APIsProjectTests;
				PRODUCT_NAME = "$(TARGET_NAME)";
				SWIFT_VERSION = 5.0;
				TARGETED_DEVICE_FAMILY = "1,2";
				TEST_HOST = "$(BUILT_PRODUCTS_DIR)/APIsProject.app/APIsProject";
			};
			name = Debug;
		};
		ED37D2C8237BA15E008F35EF /* Release */ = {
			isa = XCBuildConfiguration;
			buildSettings = {
				ALWAYS_EMBED_SWIFT_STANDARD_LIBRARIES = YES;
				BUNDLE_LOADER = "$(TEST_HOST)";
				CODE_SIGN_STYLE = Automatic;
				INFOPLIST_FILE = APIsProjectTests/Info.plist;
				IPHONEOS_DEPLOYMENT_TARGET = 13.0;
				LD_RUNPATH_SEARCH_PATHS = (
					"$(inherited)",
					"@executable_path/Frameworks",
					"@loader_path/Frameworks",
				);
				PRODUCT_BUNDLE_IDENTIFIER = com.example.APIsProjectTests;
				PRODUCT_NAME = "$(TARGET_NAME)";
				SWIFT_VERSION = 5.0;
				TARGETED_DEVICE_FAMILY = "1,2";
				TEST_HOST = "$(BUILT_PRODUCTS_DIR)/APIsProject.app/APIsProject";
			};
			name = Release;
		};
/* End XCBuildConfiguration section */

/* Begin XCConfigurationList section */
		ED37D29F237BA15D008F35EF /* Build configuration list for PBXProject "APIsProject" */ = {
			isa = XCConfigurationList;
			buildConfigurations = (
				ED37D2C1237BA15E008F35EF /* Debug */,
				ED37D2C2237BA15E008F35EF /* Release */,
			);
			defaultConfigurationIsVisible = 0;
			defaultConfigurationName = Release;
		};
		ED37D2C3237BA15E008F35EF /* Build configuration list for PBXNativeTarget "APIsProject" */ = {
			isa = XCConfigurationList;
			buildConfigurations = (
				ED37D2C4237BA15E008F35EF /* Debug */,
				ED37D2C5237BA15E008F35EF /* Release */,
			);
			defaultConfigurationIsVisible = 0;
			defaultConfigurationName = Release;
		};
		ED37D2C6237BA15E008F35EF /* Build configuration list for PBXNativeTarget "APIsProjectTests" */ = {
			isa = XCConfigurationList;
			buildConfigurations = (
				ED37D2C7237BA15E008F35EF /* Debug */,
				ED37D2C8237BA15E008F35EF /* Release */,
			);
			defaultConfigurationIsVisible = 0;
			defaultConfigurationName = Release;
		};
/* End XCConfigurationList section */
	};
	rootObject = ED37D29C237BA15D008F35EF /* Project object */;
}
